
Microsoft Visual Studio Solution File, Format Version 12.00
# Visual Studio Version 17
VisualStudioVersion = 17.12.35707.178 d17.12
MinimumVisualStudioVersion = 10.0.40219.1
Project("{FAE04EC0-301F-11D3-BF4B-00C04F79EFBC}") = "TSSM_PW_3_422_Andzhigaev_Filippov", "TSSM_PW_3_422_Andzhigaev_Filippov.csproj", "{22D8A9A8-5217-45AF-8F13-A58247AE4F13}"
EndProject
Global
	GlobalSection(SolutionConfigurationPlatforms) = preSolution
		Debug|Any CPU = Debug|Any CPU
		Release|Any CPU = Release|Any CPU
	EndGlobalSection
	GlobalSection(ProjectConfigurationPlatforms) = postSolution
		{22D8A9A8-5217-45AF-8F13-A58247AE4F13}.Debug|Any CPU.ActiveCfg = Debug|Any CPU
		{22D8A9A8-5217-45AF-8F13-A58247AE4F13}.Debug|Any CPU.Build.0 = Debug|Any CPU
		{22D8A9A8-5217-45AF-8F13-A58247AE4F13}.Release|Any CPU.ActiveCfg = Release|Any CPU
		{22D8A9A8-5217-45AF-8F13-A58247AE4F13}.Release|Any CPU.Build.0 = Release|Any CPU
	EndGlobalSection
	GlobalSection(SolutionProperties) = preSolution
		HideSolutionNode = FALSE
	EndGlobalSection
EndGlobal
